
Microsoft Visual Studio Solution File, Format Version 12.00
# Visual Studio 2013
VisualStudioVersion = 12.0.31101.0
MinimumVisualStudioVersion = 10.0.40219.1
Project("{FAE04EC0-301F-11D3-BF4B-00C04F79EFBC}") = "ASP.NET.TwoWayModel", "ASP.NET.TwoWayModel\ASP.NET.TwoWayModel.csproj", "{29F26941-30E8-4D26-A25D-F42645B85556}"
EndProject
Project("{E24C65DC-7377-472B-9ABA-BC803B73C61A}") = "ASP.NET.TwoWayModel.Test", "http://localhost:61218", "{06E570AB-813D-4015-871F-9696060B6BB2}"
	ProjectSection(WebsiteProperties) = preProject
		UseIISExpress = "true"
		TargetFrameworkMoniker = ".NETFramework,Version%3Dv4.5"
		ProjectReferences = "{29f26941-30e8-4d26-a25d-f42645b85556}|ASP.NET.TwoWayModel.dll;"
		Debug.AspNetCompiler.VirtualPath = "/localhost_61218"
		Debug.AspNetCompiler.PhysicalPath = "ASP.NET.TwoWayModel.Test\"
		Debug.AspNetCompiler.TargetPath = "PrecompiledWeb\localhost_61218\"
		Debug.AspNetCompiler.Updateable = "true"
		Debug.AspNetCompiler.ForceOverwrite = "true"
		Debug.AspNetCompiler.FixedNames = "false"
		Debug.AspNetCompiler.Debug = "True"
		Release.AspNetCompiler.VirtualPath = "/localhost_61218"
		Release.AspNetCompiler.PhysicalPath = "ASP.NET.TwoWayModel.Test\"
		Release.AspNetCompiler.TargetPath = "PrecompiledWeb\localhost_61218\"
		Release.AspNetCompiler.Updateable = "true"
		Release.AspNetCompiler.ForceOverwrite = "true"
		Release.AspNetCompiler.FixedNames = "false"
		Release.AspNetCompiler.Debug = "False"
		SlnRelativePath = "ASP.NET.TwoWayModel.Test\"
		DefaultWebSiteLanguage = "Visual C#"
	EndProjectSection
EndProject
Global
	GlobalSection(SolutionConfigurationPlatforms) = preSolution
		Debug|Any CPU = Debug|Any CPU
		Release|Any CPU = Release|Any CPU
	EndGlobalSection
	GlobalSection(ProjectConfigurationPlatforms) = postSolution
		{29F26941-30E8-4D26-A25D-F42645B85556}.Debug|Any CPU.ActiveCfg = Debug|Any CPU
		{29F26941-30E8-4D26-A25D-F42645B85556}.Debug|Any CPU.Build.0 = Debug|Any CPU
		{29F26941-30E8-4D26-A25D-F42645B85556}.Release|Any CPU.ActiveCfg = Release|Any CPU
		{29F26941-30E8-4D26-A25D-F42645B85556}.Release|Any CPU.Build.0 = Release|Any CPU
		{06E570AB-813D-4015-871F-9696060B6BB2}.Debug|Any CPU.ActiveCfg = Debug|Any CPU
		{06E570AB-813D-4015-871F-9696060B6BB2}.Debug|Any CPU.Build.0 = Debug|Any CPU
		{06E570AB-813D-4015-871F-9696060B6BB2}.Release|Any CPU.ActiveCfg = Debug|Any CPU
		{06E570AB-813D-4015-871F-9696060B6BB2}.Release|Any CPU.Build.0 = Debug|Any CPU
	EndGlobalSection
	GlobalSection(SolutionProperties) = preSolution
		HideSolutionNode = FALSE
	EndGlobalSection
EndGlobal
